
Microsoft Visual Studio Solution File, Format Version 12.00
# Visual Studio Version 16
VisualStudioVersion = 16.6.30114.105
MinimumVisualStudioVersion = 10.0.40219.1
Project("{FAE04EC0-301F-11D3-BF4B-00C04F79EFBC}") = "API", "API\API.csproj", "{0706F833-64DB-495E-8D3A-1B506FA386CE}"
EndProject
Project("{FAE04EC0-301F-11D3-BF4B-00C04F79EFBC}") = "Application", "Application\Application.csproj", "{9E197304-0002-4A7D-A793-02AC846A923F}"
EndProject
Project("{FAE04EC0-301F-11D3-BF4B-00C04F79EFBC}") = "Domain", "Domain\Domain.csproj", "{C05D8210-8960-4E5E-A3F1-43E33050FC07}"
EndProject
Project("{FAE04EC0-301F-11D3-BF4B-00C04F79EFBC}") = "Persistence", "Persistence\Persistence.csproj", "{34D66A36-478C-4E2B-847C-0971470C8AD9}"
EndProject
Global
	GlobalSection(SolutionConfigurationPlatforms) = preSolution
		Debug|Any CPU = Debug|Any CPU
		Debug|x64 = Debug|x64
		Debug|x86 = Debug|x86
		Release|Any CPU = Release|Any CPU
		Release|x64 = Release|x64
		Release|x86 = Release|x86
	EndGlobalSection
	GlobalSection(SolutionProperties) = preSolution
		HideSolutionNode = FALSE
	EndGlobalSection
	GlobalSection(ProjectConfigurationPlatforms) = postSolution
		{0706F833-64DB-495E-8D3A-1B506FA386CE}.Debug|Any CPU.ActiveCfg = Debug|Any CPU
		{0706F833-64DB-495E-8D3A-1B506FA386CE}.Debug|Any CPU.Build.0 = Debug|Any CPU
		{0706F833-64DB-495E-8D3A-1B506FA386CE}.Debug|x64.ActiveCfg = Debug|Any CPU
		{0706F833-64DB-495E-8D3A-1B506FA386CE}.Debug|x64.Build.0 = Debug|Any CPU
		{0706F833-64DB-495E-8D3A-1B506FA386CE}.Debug|x86.ActiveCfg = Debug|Any CPU
		{0706F833-64DB-495E-8D3A-1B506FA386CE}.Debug|x86.Build.0 = Debug|Any CPU
		{0706F833-64DB-495E-8D3A-1B506FA386CE}.Release|Any CPU.ActiveCfg = Release|Any CPU
		{0706F833-64DB-495E-8D3A-1B506FA386CE}.Release|Any CPU.Build.0 = Release|Any CPU
		{0706F833-64DB-495E-8D3A-1B506FA386CE}.Release|x64.ActiveCfg = Release|Any CPU
		{0706F833-64DB-495E-8D3A-1B506FA386CE}.Release|x64.Build.0 = Release|Any CPU
		{0706F833-64DB-495E-8D3A-1B506FA386CE}.Release|x86.ActiveCfg = Release|Any CPU
		{0706F833-64DB-495E-8D3A-1B506FA386CE}.Release|x86.Build.0 = Release|Any CPU
		{9E197304-0002-4A7D-A793-02AC846A923F}.Debug|Any CPU.ActiveCfg = Debug|Any CPU
		{9E197304-0002-4A7D-A793-02AC846A923F}.Debug|Any CPU.Build.0 = Debug|Any CPU
		{9E197304-0002-4A7D-A793-02AC846A923F}.Debug|x64.ActiveCfg = Debug|Any CPU
		{9E197304-0002-4A7D-A793-02AC846A923F}.Debug|x64.Build.0 = Debug|Any CPU
		{9E197304-0002-4A7D-A793-02AC846A923F}.Debug|x86.ActiveCfg = Debug|Any CPU
		{9E197304-0002-4A7D-A793-02AC846A923F}.Debug|x86.Build.0 = Debug|Any CPU
		{9E197304-0002-4A7D-A793-02AC846A923F}.Release|Any CPU.ActiveCfg = Release|Any CPU
		{9E197304-0002-4A7D-A793-02AC846A923F}.Release|Any CPU.Build.0 = Release|Any CPU
		{9E197304-0002-4A7D-A793-02AC846A923F}.Release|x64.ActiveCfg = Release|Any CPU
		{9E197304-0002-4A7D-A793-02AC846A923F}.Release|x64.Build.0 = Release|Any CPU
		{9E197304-0002-4A7D-A793-02AC846A923F}.Release|x86.ActiveCfg = Release|Any CPU
		{9E197304-0002-4A7D-A793-02AC846A923F}.Release|x86.Build.0 = Release|Any CPU
		{C05D8210-8960-4E5E-A3F1-43E33050FC07}.Debug|Any CPU.ActiveCfg = Debug|Any CPU
		{C05D8210-8960-4E5E-A3F1-43E33050FC07}.Debug|Any CPU.Build.0 = Debug|Any CPU
		{C05D8210-8960-4E5E-A3F1-43E33050FC07}.Debug|x64.ActiveCfg = Debug|Any CPU
		{C05D8210-8960-4E5E-A3F1-43E33050FC07}.Debug|x64.Build.0 = Debug|Any CPU
		{C05D8210-8960-4E5E-A3F1-43E33050FC07}.Debug|x86.ActiveCfg = Debug|Any CPU
		{C05D8210-8960-4E5E-A3F1-43E33050FC07}.Debug|x86.Build.0 = Debug|Any CPU
		{C05D8210-8960-4E5E-A3F1-43E33050FC07}.Release|Any CPU.ActiveCfg = Release|Any CPU
		{C05D8210-8960-4E5E-A3F1-43E33050FC07}.Release|Any CPU.Build.0 = Release|Any CPU
		{C05D8210-8960-4E5E-A3F1-43E33050FC07}.Release|x64.ActiveCfg = Release|Any CPU
		{C05D8210-8960-4E5E-A3F1-43E33050FC07}.Release|x64.Build.0 = Release|Any CPU
		{C05D8210-8960-4E5E-A3F1-43E33050FC07}.Release|x86.ActiveCfg = Release|Any CPU
		{C05D8210-8960-4E5E-A3F1-43E33050FC07}.Release|x86.Build.0 = Release|Any CPU
		{34D66A36-478C-4E2B-847C-0971470C8AD9}.Debug|Any CPU.ActiveCfg = Debug|Any CPU
		{34D66A36-478C-4E2B-847C-0971470C8AD9}.Debug|Any CPU.Build.0 = Debug|Any CPU
		{34D66A36-478C-4E2B-847C-0971470C8AD9}.Debug|x64.ActiveCfg = Debug|Any CPU
		{34D66A36-478C-4E2B-847C-0971470C8AD9}.Debug|x64.Build.0 = Debug|Any CPU
		{34D66A36-478C-4E2B-847C-0971470C8AD9}.Debug|x86.ActiveCfg = Debug|Any CPU
		{34D66A36-478C-4E2B-847C-0971470C8AD9}.Debug|x86.Build.0 = Debug|Any CPU
		{34D66A36-478C-4E2B-847C-0971470C8AD9}.Release|Any CPU.ActiveCfg = Release|Any CPU
		{34D66A36-478C-4E2B-847C-0971470C8AD9}.Release|Any CPU.Build.0 = Release|Any CPU
		{34D66A36-478C-4E2B-847C-0971470C8AD9}.Release|x64.ActiveCfg = Release|Any CPU
		{34D66A36-478C-4E2B-847C-0971470C8AD9}.Release|x64.Build.0 = Release|Any CPU
		{34D66A36-478C-4E2B-847C-0971470C8AD9}.Release|x86.ActiveCfg = Release|Any CPU
		{34D66A36-478C-4E2B-847C-0971470C8AD9}.Release|x86.Build.0 = Release|Any CPU
	EndGlobalSection
EndGlobal
